// !$*UTF8*$!
{
	archiveVersion = 1;
	classes = {
	};
	objectVersion = 55;
	objects = {

/* Begin PBXBuildFile section */
		18D762932C6F11A200684EAD /* AppDelegate.swift in Sources */ = {isa = PBXBuildFile; fileRef = 18D762922C6F11A200684EAD /* AppDelegate.swift */; };
		18D762952C6F11A200684EAD /* SceneDelegate.swift in Sources */ = {isa = PBXBuildFile; fileRef = 18D762942C6F11A200684EAD /* SceneDelegate.swift */; };
		18D762972C6F11A200684EAD /* ViewController.swift in Sources */ = {isa = PBXBuildFile; fileRef = 18D762962C6F11A200684EAD /* ViewController.swift */; };
		18D7629A2C6F11A200684EAD /* Main.storyboard in Resources */ = {isa = PBXBuildFile; fileRef = 18D762982C6F11A200684EAD /* Main.storyboard */; };
		18D7629C2C6F11A300684EAD /* Assets.xcassets in Resources */ = {isa = PBXBuildFile; fileRef = 18D7629B2C6F11A300684EAD /* Assets.xcassets */; };
		18D7629F2C6F11A300684EAD /* LaunchScreen.storyboard in Resources */ = {isa = PBXBuildFile; fileRef = 18D7629D2C6F11A300684EAD /* LaunchScreen.storyboard */; };
		18D762AA2C6F11A400684EAD /* quocviet_donghoTests.swift in Sources */ = {isa = PBXBuildFile; fileRef = 18D762A92C6F11A400684EAD /* quocviet_donghoTests.swift */; };
		18D762B42C6F11A400684EAD /* quocviet_donghoUITests.swift in Sources */ = {isa = PBXBuildFile; fileRef = 18D762B32C6F11A400684EAD /* quocviet_donghoUITests.swift */; };
		18D762B62C6F11A400684EAD /* quocviet_donghoUITestsLaunchTests.swift in Sources */ = {isa = PBXBuildFile; fileRef = 18D762B52C6F11A400684EAD /* quocviet_donghoUITestsLaunchTests.swift */; };
/* End PBXBuildFile section */

/* Begin PBXContainerItemProxy section */
		18D762A62C6F11A300684EAD /* PBXContainerItemProxy */ = {
			isa = PBXContainerItemProxy;
			containerPortal = 18D762872C6F11A200684EAD /* Project object */;
			proxyType = 1;
			remoteGlobalIDString = 18D7628E2C6F11A200684EAD;
			remoteInfo = quocviet_dongho;
		};
		18D762B02C6F11A400684EAD /* PBXContainerItemProxy */ = {
			isa = PBXContainerItemProxy;
			containerPortal = 18D762872C6F11A200684EAD /* Project object */;
			proxyType = 1;
			remoteGlobalIDString = 18D7628E2C6F11A200684EAD;
			remoteInfo = quocviet_dongho;
		};
/* End PBXContainerItemProxy section */

/* Begin PBXFileReference section */
		18D7628F2C6F11A200684EAD /* quocviet_dongho.app */ = {isa = PBXFileReference; explicitFileType = wrapper.application; includeInIndex = 0; path = quocviet_dongho.app; sourceTree = BUILT_PRODUCTS_DIR; };
		18D762922C6F11A200684EAD /* AppDelegate.swift */ = {isa = PBXFileReference; lastKnownFileType = sourcecode.swift; path = AppDelegate.swift; sourceTree = "<group>"; };
		18D762942C6F11A200684EAD /* SceneDelegate.swift */ = {isa = PBXFileReference; lastKnownFileType = sourcecode.swift; path = SceneDelegate.swift; sourceTree = "<group>"; };
		18D762962C6F11A200684EAD /* ViewController.swift */ = {isa = PBXFileReference; lastKnownFileType = sourcecode.swift; path = ViewController.swift; sourceTree = "<group>"; };
		18D762992C6F11A200684EAD /* Base */ = {isa = PBXFileReference; lastKnownFileType = file.storyboard; name = Base; path = Base.lproj/Main.storyboard; sourceTree = "<group>"; };
		18D7629B2C6F11A300684EAD /* Assets.xcassets */ = {isa = PBXFileReference; lastKnownFileType = folder.assetcatalog; path = Assets.xcassets; sourceTree = "<group>"; };
		18D7629E2C6F11A300684EAD /* Base */ = {isa = PBXFileReference; lastKnownFileType = file.storyboard; name = Base; path = Base.lproj/LaunchScreen.storyboard; sourceTree = "<group>"; };
		18D762A02C6F11A300684EAD /* Info.plist */ = {isa = PBXFileReference; lastKnownFileType = text.plist.xml; path = Info.plist; sourceTree = "<group>"; };
		18D762A52C6F11A300684EAD /* quocviet_donghoTests.xctest */ = {isa = PBXFileReference; explicitFileType = wrapper.cfbundle; includeInIndex = 0; path = quocviet_donghoTests.xctest; sourceTree = BUILT_PRODUCTS_DIR; };
		18D762A92C6F11A400684EAD /* quocviet_donghoTests.swift */ = {isa = PBXFileReference; lastKnownFileType = sourcecode.swift; path = quocviet_donghoTests.swift; sourceTree = "<group>"; };
		18D762AF2C6F11A400684EAD /* quocviet_donghoUITests.xctest */ = {isa = PBXFileReference; explicitFileType = wrapper.cfbundle; includeInIndex = 0; path = quocviet_donghoUITests.xctest; sourceTree = BUILT_PRODUCTS_DIR; };
		18D762B32C6F11A400684EAD /* quocviet_donghoUITests.swift */ = {isa = PBXFileReference; lastKnownFileType = sourcecode.swift; path = quocviet_donghoUITests.swift; sourceTree = "<group>"; };
		18D762B52C6F11A400684EAD /* quocviet_donghoUITestsLaunchTests.swift */ = {isa = PBXFileReference; lastKnownFileType = sourcecode.swift; path = quocviet_donghoUITestsLaunchTests.swift; sourceTree = "<group>"; };
/* End PBXFileReference section */

/* Begin PBXFrameworksBuildPhase section */
		18D7628C2C6F11A200684EAD /* Frameworks */ = {
			isa = PBXFrameworksBuildPhase;
			buildActionMask = 2147483647;
			files = (
			);
			runOnlyForDeploymentPostprocessing = 0;
		};
		18D762A22C6F11A300684EAD /* Frameworks */ = {
			isa = PBXFrameworksBuildPhase;
			buildActionMask = 2147483647;
			files = (
			);
			runOnlyForDeploymentPostprocessing = 0;
		};
		18D762AC2C6F11A400684EAD /* Frameworks */ = {
			isa = PBXFrameworksBuildPhase;
			buildActionMask = 2147483647;
			files = (
			);
			runOnlyForDeploymentPostprocessing = 0;
		};
/* End PBXFrameworksBuildPhase section */

/* Begin PBXGroup section */
		18D762862C6F11A200684EAD = {
			isa = PBXGroup;
			children = (
				18D762912C6F11A200684EAD /* quocviet_dongho */,
				18D762A82C6F11A400684EAD /* quocviet_donghoTests */,
				18D762B22C6F11A400684EAD /* quocviet_donghoUITests */,
				18D762902C6F11A200684EAD /* Products */,
			);
			sourceTree = "<group>";
		};
		18D762902C6F11A200684EAD /* Products */ = {
			isa = PBXGroup;
			children = (
				18D7628F2C6F11A200684EAD /* quocviet_dongho.app */,
				18D762A52C6F11A300684EAD /* quocviet_donghoTests.xctest */,
				18D762AF2C6F11A400684EAD /* quocviet_donghoUITests.xctest */,
			);
			name = Products;
			sourceTree = "<group>";
		};
		18D762912C6F11A200684EAD /* quocviet_dongho */ = {
			isa = PBXGroup;
			children = (
				18D762922C6F11A200684EAD /* AppDelegate.swift */,
				18D762942C6F11A200684EAD /* SceneDelegate.swift */,
				18D762962C6F11A200684EAD /* ViewController.swift */,
				18D762982C6F11A200684EAD /* Main.storyboard */,
				18D7629B2C6F11A300684EAD /* Assets.xcassets */,
				18D7629D2C6F11A300684EAD /* LaunchScreen.storyboard */,
				18D762A02C6F11A300684EAD /* Info.plist */,
			);
			path = quocviet_dongho;
			sourceTree = "<group>";
		};
		18D762A82C6F11A400684EAD /* quocviet_donghoTests */ = {
			isa = PBXGroup;
			children = (
				18D762A92C6F11A400684EAD /* quocviet_donghoTests.swift */,
			);
			path = quocviet_donghoTests;
			sourceTree = "<group>";
		};
		18D762B22C6F11A400684EAD /* quocviet_donghoUITests */ = {
			isa = PBXGroup;
			children = (
				18D762B32C6F11A400684EAD /* quocviet_donghoUITests.swift */,
				18D762B52C6F11A400684EAD /* quocviet_donghoUITestsLaunchTests.swift */,
			);
			path = quocviet_donghoUITests;
			sourceTree = "<group>";
		};
/* End PBXGroup section */

/* Begin PBXNativeTarget section */
		18D7628E2C6F11A200684EAD /* quocviet_dongho */ = {
			isa = PBXNativeTarget;
			buildConfigurationList = 18D762B92C6F11A400684EAD /* Build configuration list for PBXNativeTarget "quocviet_dongho" */;
			buildPhases = (
				18D7628B2C6F11A200684EAD /* Sources */,
				18D7628C2C6F11A200684EAD /* Frameworks */,
				18D7628D2C6F11A200684EAD /* Resources */,
			);
			buildRules = (
			);
			dependencies = (
			);
			name = quocviet_dongho;
			productName = quocviet_dongho;
			productReference = 18D7628F2C6F11A200684EAD /* quocviet_dongho.app */;
			productType = "com.apple.product-type.application";
		};
		18D762A42C6F11A300684EAD /* quocviet_donghoTests */ = {
			isa = PBXNativeTarget;
			buildConfigurationList = 18D762BC2C6F11A400684EAD /* Build configuration list for PBXNativeTarget "quocviet_donghoTests" */;
			buildPhases = (
				18D762A12C6F11A300684EAD /* Sources */,
				18D762A22C6F11A300684EAD /* Frameworks */,
				18D762A32C6F11A300684EAD /* Resources */,
			);
			buildRules = (
			);
			dependencies = (
				18D762A72C6F11A300684EAD /* PBXTargetDependency */,
			);
			name = quocviet_donghoTests;
			productName = quocviet_donghoTests;
			productReference = 18D762A52C6F11A300684EAD /* quocviet_donghoTests.xctest */;
			productType = "com.apple.product-type.bundle.unit-test";
		};
		18D762AE2C6F11A400684EAD /* quocviet_donghoUITests */ = {
			isa = PBXNativeTarget;
			buildConfigurationList = 18D762BF2C6F11A400684EAD /* Build configuration list for PBXNativeTarget "quocviet_donghoUITests" */;
			buildPhases = (
				18D762AB2C6F11A400684EAD /* Sources */,
				18D762AC2C6F11A400684EAD /* Frameworks */,
				18D762AD2C6F11A400684EAD /* Resources */,
			);
			buildRules = (
			);
			dependencies = (
				18D762B12C6F11A400684EAD /* PBXTargetDependency */,
			);
			name = quocviet_donghoUITests;
			productName = quocviet_donghoUITests;
			productReference = 18D762AF2C6F11A400684EAD /* quocviet_donghoUITests.xctest */;
			productType = "com.apple.product-type.bundle.ui-testing";
		};
/* End PBXNativeTarget section */

/* Begin PBXProject section */
		18D762872C6F11A200684EAD /* Project object */ = {
			isa = PBXProject;
			attributes = {
				BuildIndependentTargetsInParallel = 1;
				LastSwiftUpdateCheck = 1320;
				LastUpgradeCheck = 1320;
				TargetAttributes = {
					18D7628E2C6F11A200684EAD = {
						CreatedOnToolsVersion = 13.2;
					};
					18D762A42C6F11A300684EAD = {
						CreatedOnToolsVersion = 13.2;
						TestTargetID = 18D7628E2C6F11A200684EAD;
					};
					18D762AE2C6F11A400684EAD = {
						CreatedOnToolsVersion = 13.2;
						TestTargetID = 18D7628E2C6F11A200684EAD;
					};
				};
			};
			buildConfigurationList = 18D7628A2C6F11A200684EAD /* Build configuration list for PBXProject "quocviet_dongho" */;
			compatibilityVersion = "Xcode 13.0";
			developmentRegion = en;
			hasScannedForEncodings = 0;
			knownRegions = (
				en,
				Base,
			);
			mainGroup = 18D762862C6F11A200684EAD;
			productRefGroup = 18D762902C6F11A200684EAD /* Products */;
			projectDirPath = "";
			projectRoot = "";
			targets = (
				18D7628E2C6F11A200684EAD /* quocviet_dongho */,
				18D762A42C6F11A300684EAD /* quocviet_donghoTests */,
				18D762AE2C6F11A400684EAD /* quocviet_donghoUITests */,
			);
		};
/* End PBXProject section */

/* Begin PBXResourcesBuildPhase section */
		18D7628D2C6F11A200684EAD /* Resources */ = {
			isa = PBXResourcesBuildPhase;
			buildActionMask = 2147483647;
			files = (
				18D7629F2C6F11A300684EAD /* LaunchScreen.storyboard in Resources */,
				18D7629C2C6F11A300684EAD /* Assets.xcassets in Resources */,
				18D7629A2C6F11A200684EAD /* Main.storyboard in Resources */,
			);
			runOnlyForDeploymentPostprocessing = 0;
		};
		18D762A32C6F11A300684EAD /* Resources */ = {
			isa = PBXResourcesBuildPhase;
			buildActionMask = 2147483647;
			files = (
			);
			runOnlyForDeploymentPostprocessing = 0;
		};
		18D762AD2C6F11A400684EAD /* Resources */ = {
			isa = PBXResourcesBuildPhase;
			buildActionMask = 2147483647;
			files = (
			);
			runOnlyForDeploymentPostprocessing = 0;
		};
/* End PBXResourcesBuildPhase section */

/* Begin PBXSourcesBuildPhase section */
		18D7628B2C6F11A200684EAD /* Sources */ = {
			isa = PBXSourcesBuildPhase;
			buildActionMask = 2147483647;
			files = (
				18D762972C6F11A200684EAD /* ViewController.swift in Sources */,
				18D762932C6F11A200684EAD /* AppDelegate.swift in Sources */,
				18D762952C6F11A200684EAD /* SceneDelegate.swift in Sources */,
			);
			runOnlyForDeploymentPostprocessing = 0;
		};
		18D762A12C6F11A300684EAD /* Sources */ = {
			isa = PBXSourcesBuildPhase;
			buildActionMask = 2147483647;
			files = (
				18D762AA2C6F11A400684EAD /* quocviet_donghoTests.swift in Sources */,
			);
			runOnlyForDeploymentPostprocessing = 0;
		};
		18D762AB2C6F11A400684EAD /* Sources */ = {
			isa = PBXSourcesBuildPhase;
			buildActionMask = 2147483647;
			files = (
				18D762B42C6F11A400684EAD /* quocviet_donghoUITests.swift in Sources */,
				18D762B62C6F11A400684EAD /* quocviet_donghoUITestsLaunchTests.swift in Sources */,
			);
			runOnlyForDeploymentPostprocessing = 0;
		};
/* End PBXSourcesBuildPhase section */

/* Begin PBXTargetDependency section */
		18D762A72C6F11A300684EAD /* PBXTargetDependency */ = {
			isa = PBXTargetDependency;
			target = 18D7628E2C6F11A200684EAD /* quocviet_dongho */;
			targetProxy = 18D762A62C6F11A300684EAD /* PBXContainerItemProxy */;
		};
		18D762B12C6F11A400684EAD /* PBXTargetDependency */ = {
			isa = PBXTargetDependency;
			target = 18D7628E2C6F11A200684EAD /* quocviet_dongho */;
			targetProxy = 18D762B02C6F11A400684EAD /* PBXContainerItemProxy */;
		};
/* End PBXTargetDependency section */

/* Begin PBXVariantGroup section */
		18D762982C6F11A200684EAD /* Main.storyboard */ = {
			isa = PBXVariantGroup;
			children = (
				18D762992C6F11A200684EAD /* Base */,
			);
			name = Main.storyboard;
			sourceTree = "<group>";
		};
		18D7629D2C6F11A300684EAD /* LaunchScreen.storyboard */ = {
			isa = PBXVariantGroup;
			children = (
				18D7629E2C6F11A300684EAD /* Base */,
			);
			name = LaunchScreen.storyboard;
			sourceTree = "<group>";
		};
/* End PBXVariantGroup section */

/* Begin XCBuildConfiguration section */
		18D762B72C6F11A400684EAD /* Debug */ = {
			isa = XCBuildConfiguration;
			buildSettings = {
				ALWAYS_SEARCH_USER_PATHS = NO;
				CLANG_ANALYZER_NONNULL = YES;
				CLANG_ANALYZER_NUMBER_OBJECT_CONVERSION = YES_AGGRESSIVE;
				CLANG_CXX_LANGUAGE_STANDARD = "gnu++17";
				CLANG_CXX_LIBRARY = "libc++";
				CLANG_ENABLE_MODULES = YES;
				CLANG_ENABLE_OBJC_ARC = YES;
				CLANG_ENABLE_OBJC_WEAK = YES;
				CLANG_WARN_BLOCK_CAPTURE_AUTORELEASING = YES;
				CLANG_WARN_BOOL_CONVERSION = YES;
				CLANG_WARN_COMMA = YES;
				CLANG_WARN_CONSTANT_CONVERSION = YES;
				CLANG_WARN_DEPRECATED_OBJC_IMPLEMENTATIONS = YES;
				CLANG_WARN_DIRECT_OBJC_ISA_USAGE = YES_ERROR;
				CLANG_WARN_DOCUMENTATION_COMMENTS = YES;
				CLANG_WARN_EMPTY_BODY = YES;
				CLANG_WARN_ENUM_CONVERSION = YES;
				CLANG_WARN_INFINITE_RECURSION = YES;
				CLANG_WARN_INT_CONVERSION = YES;
				CLANG_WARN_NON_LITERAL_NULL_CONVERSION = YES;
				CLANG_WARN_OBJC_IMPLICIT_RETAIN_SELF = YES;
				CLANG_WARN_OBJC_LITERAL_CONVERSION = YES;
				CLANG_WARN_OBJC_ROOT_CLASS = YES_ERROR;
				CLANG_WARN_QUOTED_INCLUDE_IN_FRAMEWORK_HEADER = YES;
				CLANG_WARN_RANGE_LOOP_ANALYSIS = YES;
				CLANG_WARN_STRICT_PROTOTYPES = YES;
				CLANG_WARN_SUSPICIOUS_MOVE = YES;
				CLANG_WARN_UNGUARDED_AVAILABILITY = YES_AGGRESSIVE;
				CLANG_WARN_UNREACHABLE_CODE = YES;
				CLANG_WARN__DUPLICATE_METHOD_MATCH = YES;
				COPY_PHASE_STRIP = NO;
				DEBUG_INFORMATION_FORMAT = dwarf;
				ENABLE_STRICT_OBJC_MSGSEND = YES;
				ENABLE_TESTABILITY = YES;
				GCC_C_LANGUAGE_STANDARD = gnu11;
				GCC_DYNAMIC_NO_PIC = NO;
				GCC_NO_COMMON_BLOCKS = YES;
				GCC_OPTIMIZATION_LEVEL = 0;
				GCC_PREPROCESSOR_DEFINITIONS = (
					"DEBUG=1",
					"$(inherited)",
				);
				GCC_WARN_64_TO_32_BIT_CONVERSION = YES;
				GCC_WARN_ABOUT_RETURN_TYPE = YES_ERROR;
				GCC_WARN_UNDECLARED_SELECTOR = YES;
				GCC_WARN_UNINITIALIZED_AUTOS = YES_AGGRESSIVE;
				GCC_WARN_UNUSED_FUNCTION = YES;
				GCC_WARN_UNUSED_VARIABLE = YES;
				IPHONEOS_DEPLOYMENT_TARGET = 15.2;
				MTL_ENABLE_DEBUG_INFO = INCLUDE_SOURCE;
				MTL_FAST_MATH = YES;
				ONLY_ACTIVE_ARCH = YES;
				SDKROOT = iphoneos;
				SWIFT_ACTIVE_COMPILATION_CONDITIONS = DEBUG;
				SWIFT_OPTIMIZATION_LEVEL = "-Onone";
			};
			name = Debug;
		};
		18D762B82C6F11A400684EAD /* Release */ = {
			isa = XCBuildConfiguration;
			buildSettings = {
				ALWAYS_SEARCH_USER_PATHS = NO;
				CLANG_ANALYZER_NONNULL = YES;
				CLANG_ANALYZER_NUMBER_OBJECT_CONVERSION = YES_AGGRESSIVE;
				CLANG_CXX_LANGUAGE_STANDARD = "gnu++17";
				CLANG_CXX_LIBRARY = "libc++";
				CLANG_ENABLE_MODULES = YES;
				CLANG_ENABLE_OBJC_ARC = YES;
				CLANG_ENABLE_OBJC_WEAK = YES;
				CLANG_WARN_BLOCK_CAPTURE_AUTORELEASING = YES;
				CLANG_WARN_BOOL_CONVERSION = YES;
				CLANG_WARN_COMMA = YES;
				CLANG_WARN_CONSTANT_CONVERSION = YES;
				CLANG_WARN_DEPRECATED_OBJC_IMPLEMENTATIONS = YES;
				CLANG_WARN_DIRECT_OBJC_ISA_USAGE = YES_ERROR;
				CLANG_WARN_DOCUMENTATION_COMMENTS = YES;
				CLANG_WARN_EMPTY_BODY = YES;
				CLANG_WARN_ENUM_CONVERSION = YES;
				CLANG_WARN_INFINITE_RECURSION = YES;
				CLANG_WARN_INT_CONVERSION = YES;
				CLANG_WARN_NON_LITERAL_NULL_CONVERSION = YES;
				CLANG_WARN_OBJC_IMPLICIT_RETAIN_SELF = YES;
				CLANG_WARN_OBJC_LITERAL_CONVERSION = YES;
				CLANG_WARN_OBJC_ROOT_CLASS = YES_ERROR;
				CLANG_WARN_QUOTED_INCLUDE_IN_FRAMEWORK_HEADER = YES;
				CLANG_WARN_RANGE_LOOP_ANALYSIS = YES;
				CLANG_WARN_STRICT_PROTOTYPES = YES;
				CLANG_WARN_SUSPICIOUS_MOVE = YES;
				CLANG_WARN_UNGUARDED_AVAILABILITY = YES_AGGRESSIVE;
				CLANG_WARN_UNREACHABLE_CODE = YES;
				CLANG_WARN__DUPLICATE_METHOD_MATCH = YES;
				COPY_PHASE_STRIP = NO;
				DEBUG_INFORMATION_FORMAT = "dwarf-with-dsym";
				ENABLE_NS_ASSERTIONS = NO;
				ENABLE_STRICT_OBJC_MSGSEND = YES;
				GCC_C_LANGUAGE_STANDARD = gnu11;
				GCC_NO_COMMON_BLOCKS = YES;
				GCC_WARN_64_TO_32_BIT_CONVERSION = YES;
				GCC_WARN_ABOUT_RETURN_TYPE = YES_ERROR;
				GCC_WARN_UNDECLARED_SELECTOR = YES;
				GCC_WARN_UNINITIALIZED_AUTOS = YES_AGGRESSIVE;
				GCC_WARN_UNUSED_FUNCTION = YES;
				GCC_WARN_UNUSED_VARIABLE = YES;
				IPHONEOS_DEPLOYMENT_TARGET = 15.2;
				MTL_ENABLE_DEBUG_INFO = NO;
				MTL_FAST_MATH = YES;
				SDKROOT = iphoneos;
				SWIFT_COMPILATION_MODE = wholemodule;
				SWIFT_OPTIMIZATION_LEVEL = "-O";
				VALIDATE_PRODUCT = YES;
			};
			name = Release;
		};
		18D762BA2C6F11A400684EAD /* Debug */ = {
			isa = XCBuildConfiguration;
			buildSettings = {
				ASSETCATALOG_COMPILER_APPICON_NAME = AppIcon;
				ASSETCATALOG_COMPILER_GLOBAL_ACCENT_COLOR_NAME = AccentColor;
				CODE_SIGN_STYLE = Automatic;
				CURRENT_PROJECT_VERSION = 1;
				GENERATE_INFOPLIST_FILE = YES;
				INFOPLIST_FILE = quocviet_dongho/Info.plist;
				INFOPLIST_KEY_UIApplicationSupportsIndirectInputEvents = YES;
				INFOPLIST_KEY_UILaunchStoryboardName = LaunchScreen;
				INFOPLIST_KEY_UIMainStoryboardFile = Main;
				INFOPLIST_KEY_UISupportedInterfaceOrientations_iPad = "UIInterfaceOrientationPortrait UIInterfaceOrientationPortraitUpsideDown UIInterfaceOrientationLandscapeLeft UIInterfaceOrientationLandscapeRight";
				INFOPLIST_KEY_UISupportedInterfaceOrientations_iPhone = "UIInterfaceOrientationPortrait UIInterfaceOrientationLandscapeLeft UIInterfaceOrientationLandscapeRight";
				LD_RUNPATH_SEARCH_PATHS = (
					"$(inherited)",
					"@executable_path/Frameworks",
				);
				MARKETING_VERSION = 1.0;
				PRODUCT_BUNDLE_IDENTIFIER = "com.amipham.quocviet-dongho";
				PRODUCT_NAME = "$(TARGET_NAME)";
				SWIFT_EMIT_LOC_STRINGS = YES;
				SWIFT_VERSION = 5.0;
				TARGETED_DEVICE_FAMILY = "1,2";
			};
			name = Debug;
		};
		18D762BB2C6F11A400684EAD /* Release */ = {
			isa = XCBuildConfiguration;
			buildSettings = {
				ASSETCATALOG_COMPILER_APPICON_NAME = AppIcon;
				ASSETCATALOG_COMPILER_GLOBAL_ACCENT_COLOR_NAME = AccentColor;
				CODE_SIGN_STYLE = Automatic;
				CURRENT_PROJECT_VERSION = 1;
				GENERATE_INFOPLIST_FILE = YES;
				INFOPLIST_FILE = quocviet_dongho/Info.plist;
				INFOPLIST_KEY_UIApplicationSupportsIndirectInputEvents = YES;
				INFOPLIST_KEY_UILaunchStoryboardName = LaunchScreen;
				INFOPLIST_KEY_UIMainStoryboardFile = Main;
				INFOPLIST_KEY_UISupportedInterfaceOrientations_iPad = "UIInterfaceOrientationPortrait UIInterfaceOrientationPortraitUpsideDown UIInterfaceOrientationLandscapeLeft UIInterfaceOrientationLandscapeRight";
				INFOPLIST_KEY_UISupportedInterfaceOrientations_iPhone = "UIInterfaceOrientationPortrait UIInterfaceOrientationLandscapeLeft UIInterfaceOrientationLandscapeRight";
				LD_RUNPATH_SEARCH_PATHS = (
					"$(inherited)",
					"@executable_path/Frameworks",
				);
				MARKETING_VERSION = 1.0;
				PRODUCT_BUNDLE_IDENTIFIER = "com.amipham.quocviet-dongho";
				PRODUCT_NAME = "$(TARGET_NAME)";
				SWIFT_EMIT_LOC_STRINGS = YES;
				SWIFT_VERSION = 5.0;
				TARGETED_DEVICE_FAMILY = "1,2";
			};
			name = Release;
		};
		18D762BD2C6F11A400684EAD /* Debug */ = {
			isa = XCBuildConfiguration;
			buildSettings = {
				ALWAYS_EMBED_SWIFT_STANDARD_LIBRARIES = YES;
				BUNDLE_LOADER = "$(TEST_HOST)";
				CODE_SIGN_STYLE = Automatic;
				CURRENT_PROJECT_VERSION = 1;
				GENERATE_INFOPLIST_FILE = YES;
				IPHONEOS_DEPLOYMENT_TARGET = 15.2;
				MARKETING_VERSION = 1.0;
				PRODUCT_BUNDLE_IDENTIFIER = "com.amipham.quocviet-donghoTests";
				PRODUCT_NAME = "$(TARGET_NAME)";
				SWIFT_EMIT_LOC_STRINGS = NO;
				SWIFT_VERSION = 5.0;
				TARGETED_DEVICE_FAMILY = "1,2";
				TEST_HOST = "$(BUILT_PRODUCTS_DIR)/quocviet_dongho.app/quocviet_dongho";
			};
			name = Debug;
		};
		18D762BE2C6F11A400684EAD /* Release */ = {
			isa = XCBuildConfiguration;
			buildSettings = {
				ALWAYS_EMBED_SWIFT_STANDARD_LIBRARIES = YES;
				BUNDLE_LOADER = "$(TEST_HOST)";
				CODE_SIGN_STYLE = Automatic;
				CURRENT_PROJECT_VERSION = 1;
				GENERATE_INFOPLIST_FILE = YES;
				IPHONEOS_DEPLOYMENT_TARGET = 15.2;
				MARKETING_VERSION = 1.0;
				PRODUCT_BUNDLE_IDENTIFIER = "com.amipham.quocviet-donghoTests";
				PRODUCT_NAME = "$(TARGET_NAME)";
				SWIFT_EMIT_LOC_STRINGS = NO;
				SWIFT_VERSION = 5.0;
				TARGETED_DEVICE_FAMILY = "1,2";
				TEST_HOST = "$(BUILT_PRODUCTS_DIR)/quocviet_dongho.app/quocviet_dongho";
			};
			name = Release;
		};
		18D762C02C6F11A400684EAD /* Debug */ = {
			isa = XCBuildConfiguration;
			buildSettings = {
				ALWAYS_EMBED_SWIFT_STANDARD_LIBRARIES = YES;
				CODE_SIGN_STYLE = Automatic;
				CURRENT_PROJECT_VERSION = 1;
				GENERATE_INFOPLIST_FILE = YES;
				MARKETING_VERSION = 1.0;
				PRODUCT_BUNDLE_IDENTIFIER = "com.amipham.quocviet-donghoUITests";
				PRODUCT_NAME = "$(TARGET_NAME)";
				SWIFT_EMIT_LOC_STRINGS = NO;
				SWIFT_VERSION = 5.0;
				TARGETED_DEVICE_FAMILY = "1,2";
				TEST_TARGET_NAME = quocviet_dongho;
			};
			name = Debug;
		};
		18D762C12C6F11A400684EAD /* Release */ = {
			isa = XCBuildConfiguration;
			buildSettings = {
				ALWAYS_EMBED_SWIFT_STANDARD_LIBRARIES = YES;
				CODE_SIGN_STYLE = Automatic;
				CURRENT_PROJECT_VERSION = 1;
				GENERATE_INFOPLIST_FILE = YES;
				MARKETING_VERSION = 1.0;
				PRODUCT_BUNDLE_IDENTIFIER = "com.amipham.quocviet-donghoUITests";
				PRODUCT_NAME = "$(TARGET_NAME)";
				SWIFT_EMIT_LOC_STRINGS = NO;
				SWIFT_VERSION = 5.0;
				TARGETED_DEVICE_FAMILY = "1,2";
				TEST_TARGET_NAME = quocviet_dongho;
			};
			name = Release;
		};
/* End XCBuildConfiguration section */

/* Begin XCConfigurationList section */
		18D7628A2C6F11A200684EAD /* Build configuration list for PBXProject "quocviet_dongho" */ = {
			isa = XCConfigurationList;
			buildConfigurations = (
				18D762B72C6F11A400684EAD /* Debug */,
				18D762B82C6F11A400684EAD /* Release */,
			);
			defaultConfigurationIsVisible = 0;
			defaultConfigurationName = Release;
		};
		18D762B92C6F11A400684EAD /* Build configuration list for PBXNativeTarget "quocviet_dongho" */ = {
			isa = XCConfigurationList;
			buildConfigurations = (
				18D762BA2C6F11A400684EAD /* Debug */,
				18D762BB2C6F11A400684EAD /* Release */,
			);
			defaultConfigurationIsVisible = 0;
			defaultConfigurationName = Release;
		};
		18D762BC2C6F11A400684EAD /* Build configuration list for PBXNativeTarget "quocviet_donghoTests" */ = {
			isa = XCConfigurationList;
			buildConfigurations = (
				18D762BD2C6F11A400684EAD /* Debug */,
				18D762BE2C6F11A400684EAD /* Release */,
			);
			defaultConfigurationIsVisible = 0;
			defaultConfigurationName = Release;
		};
		18D762BF2C6F11A400684EAD /* Build configuration list for PBXNativeTarget "quocviet_donghoUITests" */ = {
			isa = XCConfigurationList;
			buildConfigurations = (
				18D762C02C6F11A400684EAD /* Debug */,
				18D762C12C6F11A400684EAD /* Release */,
			);
			defaultConfigurationIsVisible = 0;
			defaultConfigurationName = Release;
		};
/* End XCConfigurationList section */
	};
	rootObject = 18D762872C6F11A200684EAD /* Project object */;
}
